github.com/cdipaolo/goml v0.0.0-20220715001353-00e0c845ae1c h1:uqJXOhayPfl/QruVBP6VF0KUWNDzO/F14X8CPEkkFD8=
github.com/cdipaolo/goml v0.0.0-20220715001353-00e0c845ae1c/go.mod h1:Ue8jgVLdBDCtsh1laikvraXqXzKCyKiruCcCcaeNDFE=
github.com/eMAGTechLabs/go-apriori v1.0.0 h1:4YZLHdeoDLDZ/YriAtv5VZ6CIpuA6lvS7JK8t7W5O4Y=
github.com/eMAGTechLabs/go-apriori v1.0.0/go.mod h1:Sh6+X2vKPxz42JVMXyxZfYUF4wMrnaO2CzMNceFUgR0=
